
Microsoft Visual Studio Solution File, Format Version 12.00
Project("{FAE04EC0-301F-11D3-BF4B-00C04F79EFBC}") = "WowConfigCopy.UI", "WowConfigCopy.UI\WowConfigCopy.UI.csproj", "{8B5D7FB8-769F-4673-A0A3-3853983EA0D0}"
EndProject
Project("{FAE04EC0-301F-11D3-BF4B-00C04F79EFBC}") = "WowConfigCopy.Common", "WowConfigCopy.Common\WowConfigCopy.Common.csproj", "{400B49E0-AA46-4854-B26A-1600E1EA31B4}"
EndProject
Global
	GlobalSection(SolutionConfigurationPlatforms) = preSolution
		Debug|Any CPU = Debug|Any CPU
		Release|Any CPU = Release|Any CPU
	EndGlobalSection
	GlobalSection(ProjectConfigurationPlatforms) = postSolution
		{8B5D7FB8-769F-4673-A0A3-3853983EA0D0}.Debug|Any CPU.ActiveCfg = Debug|Any CPU
		{8B5D7FB8-769F-4673-A0A3-3853983EA0D0}.Debug|Any CPU.Build.0 = Debug|Any CPU
		{8B5D7FB8-769F-4673-A0A3-3853983EA0D0}.Release|Any CPU.ActiveCfg = Release|Any CPU
		{8B5D7FB8-769F-4673-A0A3-3853983EA0D0}.Release|Any CPU.Build.0 = Release|Any CPU
		{400B49E0-AA46-4854-B26A-1600E1EA31B4}.Debug|Any CPU.ActiveCfg = Debug|Any CPU
		{400B49E0-AA46-4854-B26A-1600E1EA31B4}.Debug|Any CPU.Build.0 = Debug|Any CPU
		{400B49E0-AA46-4854-B26A-1600E1EA31B4}.Release|Any CPU.ActiveCfg = Release|Any CPU
		{400B49E0-AA46-4854-B26A-1600E1EA31B4}.Release|Any CPU.Build.0 = Release|Any CPU
	EndGlobalSection
EndGlobal
